
Microsoft Visual Studio Solution File, Format Version 12.00
# Visual Studio Version 16
VisualStudioVersion = 16.0.30011.22
MinimumVisualStudioVersion = 10.0.40219.1
Project("{9A19103F-16F7-4668-BE54-9A1E7A4F7556}") = "ScrabbleGame", "ScrabbleGame\ScrabbleGame.csproj", "{0A1A1AC1-EC0C-4644-B860-820B57ED21AB}"
EndProject
Project("{2150E333-8FDC-42A3-9474-1A3956D46DE8}") = "Tests", "Tests", "{6660E48C-D684-408F-93F7-BC683854056C}"
EndProject
Project("{9A19103F-16F7-4668-BE54-9A1E7A4F7556}") = "ScrabbleGameTests", "ScrabbleGameTests\ScrabbleGameTests.csproj", "{563C9013-A76E-4CF4-9620-82743E785A95}"
EndProject
Project("{9A19103F-16F7-4668-BE54-9A1E7A4F7556}") = "ScrabbleData", "ScrabbleData\ScrabbleData.csproj", "{193517EB-DDDD-4CFA-94BE-7A4B60D52FB2}"
EndProject
Project("{2150E333-8FDC-42A3-9474-1A3956D46DE8}") = "Solution Items", "Solution Items", "{3960A128-0F91-4AF1-A4B9-E4C3FCE14FBF}"
	ProjectSection(SolutionItems) = preProject
		.gitignore = .gitignore
	EndProjectSection
EndProject
Project("{9A19103F-16F7-4668-BE54-9A1E7A4F7556}") = "ScrabbleWeb.Server", "ScrabbleWeb\Server\ScrabbleWeb.Server.csproj", "{96DB9595-8F09-49D6-95A7-A7C047BD485F}"
EndProject
Project("{9A19103F-16F7-4668-BE54-9A1E7A4F7556}") = "ScrabbleWeb.Client", "ScrabbleWeb\Client\ScrabbleWeb.Client.csproj", "{9F21C0A5-257F-4491-BB8A-208606A98D19}"
EndProject
Project("{9A19103F-16F7-4668-BE54-9A1E7A4F7556}") = "ScrabbleMoveChecker", "ScrabbleMoveChecker\ScrabbleMoveChecker.csproj", "{F1A239A7-A831-4829-9B3E-38992BC57004}"
EndProject
Project("{9A19103F-16F7-4668-BE54-9A1E7A4F7556}") = "ScrabbleWeb.Shared", "ScrabbleWeb\Shared\ScrabbleWeb.Shared.csproj", "{06B57C3B-9429-4BAF-A79D-98A35ED9D9D9}"
EndProject
Global
	GlobalSection(SolutionConfigurationPlatforms) = preSolution
		Debug|Any CPU = Debug|Any CPU
		Release|Any CPU = Release|Any CPU
	EndGlobalSection
	GlobalSection(ProjectConfigurationPlatforms) = postSolution
		{0A1A1AC1-EC0C-4644-B860-820B57ED21AB}.Debug|Any CPU.ActiveCfg = Debug|Any CPU
		{0A1A1AC1-EC0C-4644-B860-820B57ED21AB}.Debug|Any CPU.Build.0 = Debug|Any CPU
		{0A1A1AC1-EC0C-4644-B860-820B57ED21AB}.Release|Any CPU.ActiveCfg = Release|Any CPU
		{0A1A1AC1-EC0C-4644-B860-820B57ED21AB}.Release|Any CPU.Build.0 = Release|Any CPU
		{563C9013-A76E-4CF4-9620-82743E785A95}.Debug|Any CPU.ActiveCfg = Debug|Any CPU
		{563C9013-A76E-4CF4-9620-82743E785A95}.Debug|Any CPU.Build.0 = Debug|Any CPU
		{563C9013-A76E-4CF4-9620-82743E785A95}.Release|Any CPU.ActiveCfg = Release|Any CPU
		{563C9013-A76E-4CF4-9620-82743E785A95}.Release|Any CPU.Build.0 = Release|Any CPU
		{193517EB-DDDD-4CFA-94BE-7A4B60D52FB2}.Debug|Any CPU.ActiveCfg = Debug|Any CPU
		{193517EB-DDDD-4CFA-94BE-7A4B60D52FB2}.Debug|Any CPU.Build.0 = Debug|Any CPU
		{193517EB-DDDD-4CFA-94BE-7A4B60D52FB2}.Release|Any CPU.ActiveCfg = Release|Any CPU
		{193517EB-DDDD-4CFA-94BE-7A4B60D52FB2}.Release|Any CPU.Build.0 = Release|Any CPU
		{96DB9595-8F09-49D6-95A7-A7C047BD485F}.Debug|Any CPU.ActiveCfg = Debug|Any CPU
		{96DB9595-8F09-49D6-95A7-A7C047BD485F}.Debug|Any CPU.Build.0 = Debug|Any CPU
		{96DB9595-8F09-49D6-95A7-A7C047BD485F}.Release|Any CPU.ActiveCfg = Release|Any CPU
		{96DB9595-8F09-49D6-95A7-A7C047BD485F}.Release|Any CPU.Build.0 = Release|Any CPU
		{9F21C0A5-257F-4491-BB8A-208606A98D19}.Debug|Any CPU.ActiveCfg = Debug|Any CPU
		{9F21C0A5-257F-4491-BB8A-208606A98D19}.Debug|Any CPU.Build.0 = Debug|Any CPU
		{9F21C0A5-257F-4491-BB8A-208606A98D19}.Release|Any CPU.ActiveCfg = Release|Any CPU
		{9F21C0A5-257F-4491-BB8A-208606A98D19}.Release|Any CPU.Build.0 = Release|Any CPU
		{F1A239A7-A831-4829-9B3E-38992BC57004}.Debug|Any CPU.ActiveCfg = Debug|Any CPU
		{F1A239A7-A831-4829-9B3E-38992BC57004}.Debug|Any CPU.Build.0 = Debug|Any CPU
		{F1A239A7-A831-4829-9B3E-38992BC57004}.Release|Any CPU.ActiveCfg = Release|Any CPU
		{F1A239A7-A831-4829-9B3E-38992BC57004}.Release|Any CPU.Build.0 = Release|Any CPU
		{06B57C3B-9429-4BAF-A79D-98A35ED9D9D9}.Debug|Any CPU.ActiveCfg = Debug|Any CPU
		{06B57C3B-9429-4BAF-A79D-98A35ED9D9D9}.Debug|Any CPU.Build.0 = Debug|Any CPU
		{06B57C3B-9429-4BAF-A79D-98A35ED9D9D9}.Release|Any CPU.ActiveCfg = Release|Any CPU
		{06B57C3B-9429-4BAF-A79D-98A35ED9D9D9}.Release|Any CPU.Build.0 = Release|Any CPU
	EndGlobalSection
	GlobalSection(SolutionProperties) = preSolution
		HideSolutionNode = FALSE
	EndGlobalSection
	GlobalSection(NestedProjects) = preSolution
		{563C9013-A76E-4CF4-9620-82743E785A95} = {6660E48C-D684-408F-93F7-BC683854056C}
	EndGlobalSection
	GlobalSection(ExtensibilityGlobals) = postSolution
		SolutionGuid = {2F0DB02B-D005-47FC-8598-5014FDB7AC79}
	EndGlobalSection
EndGlobal
